
Microsoft Visual Studio Solution File, Format Version 12.00
# Visual Studio 2012
Project("{E24C65DC-7377-472B-9ABA-BC803B73C61A}") = "PruebaDesarrolladorNet", "http://localhost:54820", "{8CA39751-7A75-4F9B-8E99-70114A1062A2}"
	ProjectSection(WebsiteProperties) = preProject
		UseIISExpress = "true"
		TargetFrameworkMoniker = ".NETFramework,Version%3Dv4.5"
		Debug.AspNetCompiler.VirtualPath = "/localhost_54820"
		Debug.AspNetCompiler.PhysicalPath = "..\ProyectoWeb\"
		Debug.AspNetCompiler.TargetPath = "PrecompiledWeb\localhost_54820\"
		Debug.AspNetCompiler.Updateable = "true"
		Debug.AspNetCompiler.ForceOverwrite = "true"
		Debug.AspNetCompiler.FixedNames = "false"
		Debug.AspNetCompiler.Debug = "True"
		Release.AspNetCompiler.VirtualPath = "/localhost_54820"
		Release.AspNetCompiler.PhysicalPath = "..\ProyectoWeb\"
		Release.AspNetCompiler.TargetPath = "PrecompiledWeb\localhost_54820\"
		Release.AspNetCompiler.Updateable = "true"
		Release.AspNetCompiler.ForceOverwrite = "true"
		Release.AspNetCompiler.FixedNames = "false"
		Release.AspNetCompiler.Debug = "False"
		SlnRelativePath = "..\ProyectoWeb\"
		DefaultWebSiteLanguage = "Visual C#"
	EndProjectSection
EndProject
Global
	GlobalSection(SolutionConfigurationPlatforms) = preSolution
		Debug|Any CPU = Debug|Any CPU
	EndGlobalSection
	GlobalSection(ProjectConfigurationPlatforms) = postSolution
		{8CA39751-7A75-4F9B-8E99-70114A1062A2}.Debug|Any CPU.ActiveCfg = Debug|Any CPU
		{8CA39751-7A75-4F9B-8E99-70114A1062A2}.Debug|Any CPU.Build.0 = Debug|Any CPU
	EndGlobalSection
	GlobalSection(SolutionProperties) = preSolution
		HideSolutionNode = FALSE
	EndGlobalSection
EndGlobal
